// !$*UTF8*$!
{
	archiveVersion = 1;
	classes = {
	};
	objectVersion = 46;
	objects = {

/* Begin PBXBuildFile section */
		93F0A4FEDF816DEDE5752139 /* Pods_StoreList.framework in Frameworks */ = {isa = PBXBuildFile; fileRef = 29A6591218429F9333FFA053 /* Pods_StoreList.framework */; };
		FB3352A41F41E36B00E0C02B /* AppDelegate.swift in Sources */ = {isa = PBXBuildFile; fileRef = FB3352A31F41E36B00E0C02B /* AppDelegate.swift */; };
		FB3352AB1F41E36B00E0C02B /* Assets.xcassets in Resources */ = {isa = PBXBuildFile; fileRef = FB3352AA1F41E36B00E0C02B /* Assets.xcassets */; };
		FB3352AE1F41E36B00E0C02B /* LaunchScreen.storyboard in Resources */ = {isa = PBXBuildFile; fileRef = FB3352AC1F41E36B00E0C02B /* LaunchScreen.storyboard */; };
		FB3352B91F41E36B00E0C02B /* StoreListTests.swift in Sources */ = {isa = PBXBuildFile; fileRef = FB3352B81F41E36B00E0C02B /* StoreListTests.swift */; };
		FB3352C71F41E3DD00E0C02B /* StoreModel.swift in Sources */ = {isa = PBXBuildFile; fileRef = FB3352C61F41E3DD00E0C02B /* StoreModel.swift */; };
		FB3352C91F41E5C900E0C02B /* DetailsVC.swift in Sources */ = {isa = PBXBuildFile; fileRef = FB3352C81F41E5C800E0C02B /* DetailsVC.swift */; };
		FB3352CB1F41E6B300E0C02B /* MainTVC.swift in Sources */ = {isa = PBXBuildFile; fileRef = FB3352CA1F41E6B300E0C02B /* MainTVC.swift */; };
		FB3352CD1F41E6D100E0C02B /* StoreTVCell.swift in Sources */ = {isa = PBXBuildFile; fileRef = FB3352CC1F41E6D100E0C02B /* StoreTVCell.swift */; };
		FB3352D01F41EE7000E0C02B /* GoogleMaps.framework in Frameworks */ = {isa = PBXBuildFile; fileRef = FB3352CE1F41EE7000E0C02B /* GoogleMaps.framework */; };
		FB3352D11F41EE7000E0C02B /* GoogleMapsCore.framework in Frameworks */ = {isa = PBXBuildFile; fileRef = FB3352CF1F41EE7000E0C02B /* GoogleMapsCore.framework */; };
		FB3352D51F41F7E400E0C02B /* Main.storyboard in Resources */ = {isa = PBXBuildFile; fileRef = FB3352D41F41F7E400E0C02B /* Main.storyboard */; };
		FB3352D71F41FC1C00E0C02B /* GooglePlaces.framework in Frameworks */ = {isa = PBXBuildFile; fileRef = FB3352D61F41FC1C00E0C02B /* GooglePlaces.framework */; };
		FB3352DA1F41FC2800E0C02B /* GoogleMaps.framework in Frameworks */ = {isa = PBXBuildFile; fileRef = FB3352D81F41FC2800E0C02B /* GoogleMaps.framework */; };
		FB3352DB1F41FC2800E0C02B /* GoogleMapsCore.framework in Frameworks */ = {isa = PBXBuildFile; fileRef = FB3352D91F41FC2800E0C02B /* GoogleMapsCore.framework */; };
/* End PBXBuildFile section */

/* Begin PBXContainerItemProxy section */
		FB3352B51F41E36B00E0C02B /* PBXContainerItemProxy */ = {
			isa = PBXContainerItemProxy;
			containerPortal = FB3352981F41E36B00E0C02B /* Project object */;
			proxyType = 1;
			remoteGlobalIDString = FB33529F1F41E36B00E0C02B;
			remoteInfo = StoreList;
		};
/* End PBXContainerItemProxy section */

/* Begin PBXFileReference section */
		29A6591218429F9333FFA053 /* Pods_StoreList.framework */ = {isa = PBXFileReference; explicitFileType = wrapper.framework; includeInIndex = 0; path = Pods_StoreList.framework; sourceTree = BUILT_PRODUCTS_DIR; };
		2E9354A72BCFA688A6CBA159 /* Pods-StoreList.release.xcconfig */ = {isa = PBXFileReference; includeInIndex = 1; lastKnownFileType = text.xcconfig; name = "Pods-StoreList.release.xcconfig"; path = "Pods/Target Support Files/Pods-StoreList/Pods-StoreList.release.xcconfig"; sourceTree = "<group>"; };
		F9A0230620B75F3E64028803 /* Pods-StoreList.debug.xcconfig */ = {isa = PBXFileReference; includeInIndex = 1; lastKnownFileType = text.xcconfig; name = "Pods-StoreList.debug.xcconfig"; path = "Pods/Target Support Files/Pods-StoreList/Pods-StoreList.debug.xcconfig"; sourceTree = "<group>"; };
		FB3352A01F41E36B00E0C02B /* StoreList.app */ = {isa = PBXFileReference; explicitFileType = wrapper.application; includeInIndex = 0; path = StoreList.app; sourceTree = BUILT_PRODUCTS_DIR; };
		FB3352A31F41E36B00E0C02B /* AppDelegate.swift */ = {isa = PBXFileReference; lastKnownFileType = sourcecode.swift; path = AppDelegate.swift; sourceTree = "<group>"; };
		FB3352AA1F41E36B00E0C02B /* Assets.xcassets */ = {isa = PBXFileReference; lastKnownFileType = folder.assetcatalog; path = Assets.xcassets; sourceTree = "<group>"; };
		FB3352AD1F41E36B00E0C02B /* Base */ = {isa = PBXFileReference; lastKnownFileType = file.storyboard; name = Base; path = Base.lproj/LaunchScreen.storyboard; sourceTree = "<group>"; };
		FB3352AF1F41E36B00E0C02B /* Info.plist */ = {isa = PBXFileReference; lastKnownFileType = text.plist.xml; path = Info.plist; sourceTree = "<group>"; };
		FB3352B41F41E36B00E0C02B /* StoreListTests.xctest */ = {isa = PBXFileReference; explicitFileType = wrapper.cfbundle; includeInIndex = 0; path = StoreListTests.xctest; sourceTree = BUILT_PRODUCTS_DIR; };
		FB3352B81F41E36B00E0C02B /* StoreListTests.swift */ = {isa = PBXFileReference; lastKnownFileType = sourcecode.swift; path = StoreListTests.swift; sourceTree = "<group>"; };
		FB3352BA1F41E36B00E0C02B /* Info.plist */ = {isa = PBXFileReference; lastKnownFileType = text.plist.xml; path = Info.plist; sourceTree = "<group>"; };
		FB3352C61F41E3DD00E0C02B /* StoreModel.swift */ = {isa = PBXFileReference; fileEncoding = 4; lastKnownFileType = sourcecode.swift; path = StoreModel.swift; sourceTree = "<group>"; };
		FB3352C81F41E5C800E0C02B /* DetailsVC.swift */ = {isa = PBXFileReference; fileEncoding = 4; lastKnownFileType = sourcecode.swift; path = DetailsVC.swift; sourceTree = "<group>"; };
		FB3352CA1F41E6B300E0C02B /* MainTVC.swift */ = {isa = PBXFileReference; fileEncoding = 4; lastKnownFileType = sourcecode.swift; path = MainTVC.swift; sourceTree = "<group>"; };
		FB3352CC1F41E6D100E0C02B /* StoreTVCell.swift */ = {isa = PBXFileReference; fileEncoding = 4; lastKnownFileType = sourcecode.swift; path = StoreTVCell.swift; sourceTree = "<group>"; };
		FB3352CE1F41EE7000E0C02B /* GoogleMaps.framework */ = {isa = PBXFileReference; lastKnownFileType = wrapper.framework; name = GoogleMaps.framework; path = Pods/GoogleMaps/Maps/Frameworks/GoogleMaps.framework; sourceTree = "<group>"; };
		FB3352CF1F41EE7000E0C02B /* GoogleMapsCore.framework */ = {isa = PBXFileReference; lastKnownFileType = wrapper.framework; name = GoogleMapsCore.framework; path = Pods/GoogleMaps/Maps/Frameworks/GoogleMapsCore.framework; sourceTree = "<group>"; };
		FB3352D41F41F7E400E0C02B /* Main.storyboard */ = {isa = PBXFileReference; fileEncoding = 4; lastKnownFileType = file.storyboard; path = Main.storyboard; sourceTree = "<group>"; };
		FB3352D61F41FC1C00E0C02B /* GooglePlaces.framework */ = {isa = PBXFileReference; lastKnownFileType = wrapper.framework; name = GooglePlaces.framework; path = Pods/GooglePlaces/Frameworks/GooglePlaces.framework; sourceTree = "<group>"; };
		FB3352D81F41FC2800E0C02B /* GoogleMaps.framework */ = {isa = PBXFileReference; lastKnownFileType = wrapper.framework; name = GoogleMaps.framework; path = Pods/GoogleMaps/Maps/Frameworks/GoogleMaps.framework; sourceTree = "<group>"; };
		FB3352D91F41FC2800E0C02B /* GoogleMapsCore.framework */ = {isa = PBXFileReference; lastKnownFileType = wrapper.framework; name = GoogleMapsCore.framework; path = Pods/GoogleMaps/Maps/Frameworks/GoogleMapsCore.framework; sourceTree = "<group>"; };
/* End PBXFileReference section */

/* Begin PBXFrameworksBuildPhase section */
		FB33529D1F41E36B00E0C02B /* Frameworks */ = {
			isa = PBXFrameworksBuildPhase;
			buildActionMask = 2147483647;
			files = (
				FB3352D01F41EE7000E0C02B /* GoogleMaps.framework in Frameworks */,
				FB3352DB1F41FC2800E0C02B /* GoogleMapsCore.framework in Frameworks */,
				FB3352D11F41EE7000E0C02B /* GoogleMapsCore.framework in Frameworks */,
				93F0A4FEDF816DEDE5752139 /* Pods_StoreList.framework in Frameworks */,
				FB3352DA1F41FC2800E0C02B /* GoogleMaps.framework in Frameworks */,
				FB3352D71F41FC1C00E0C02B /* GooglePlaces.framework in Frameworks */,
			);
			runOnlyForDeploymentPostprocessing = 0;
		};
		FB3352B11F41E36B00E0C02B /* Frameworks */ = {
			isa = PBXFrameworksBuildPhase;
			buildActionMask = 2147483647;
			files = (
			);
			runOnlyForDeploymentPostprocessing = 0;
		};
/* End PBXFrameworksBuildPhase section */

/* Begin PBXGroup section */
		1772672BB0C5FE7E54BAA406 /* Frameworks */ = {
			isa = PBXGroup;
			children = (
				FB3352D81F41FC2800E0C02B /* GoogleMaps.framework */,
				FB3352D91F41FC2800E0C02B /* GoogleMapsCore.framework */,
				FB3352D61F41FC1C00E0C02B /* GooglePlaces.framework */,
				FB3352CE1F41EE7000E0C02B /* GoogleMaps.framework */,
				FB3352CF1F41EE7000E0C02B /* GoogleMapsCore.framework */,
				29A6591218429F9333FFA053 /* Pods_StoreList.framework */,
			);
			name = Frameworks;
			sourceTree = "<group>";
		};
		1EF76423B2222CC54EE93DA0 /* Pods */ = {
			isa = PBXGroup;
			children = (
				F9A0230620B75F3E64028803 /* Pods-StoreList.debug.xcconfig */,
				2E9354A72BCFA688A6CBA159 /* Pods-StoreList.release.xcconfig */,
			);
			name = Pods;
			sourceTree = "<group>";
		};
		FB3352971F41E36B00E0C02B = {
			isa = PBXGroup;
			children = (
				FB3352A21F41E36B00E0C02B /* StoreList */,
				FB3352B71F41E36B00E0C02B /* StoreListTests */,
				FB3352A11F41E36B00E0C02B /* Products */,
				1EF76423B2222CC54EE93DA0 /* Pods */,
				1772672BB0C5FE7E54BAA406 /* Frameworks */,
			);
			sourceTree = "<group>";
		};
		FB3352A11F41E36B00E0C02B /* Products */ = {
			isa = PBXGroup;
			children = (
				FB3352A01F41E36B00E0C02B /* StoreList.app */,
				FB3352B41F41E36B00E0C02B /* StoreListTests.xctest */,
			);
			name = Products;
			sourceTree = "<group>";
		};
		FB3352A21F41E36B00E0C02B /* StoreList */ = {
			isa = PBXGroup;
			children = (
				FB3352C41F41E3C200E0C02B /* Model */,
				FB3352C51F41E3C900E0C02B /* Views */,
				FB3352C31F41E3B500E0C02B /* Controllers */,
				FB3352A31F41E36B00E0C02B /* AppDelegate.swift */,
				FB3352D41F41F7E400E0C02B /* Main.storyboard */,
				FB3352AA1F41E36B00E0C02B /* Assets.xcassets */,
				FB3352AC1F41E36B00E0C02B /* LaunchScreen.storyboard */,
				FB3352AF1F41E36B00E0C02B /* Info.plist */,
			);
			path = StoreList;
			sourceTree = "<group>";
		};
		FB3352B71F41E36B00E0C02B /* StoreListTests */ = {
			isa = PBXGroup;
			children = (
				FB3352B81F41E36B00E0C02B /* StoreListTests.swift */,
				FB3352BA1F41E36B00E0C02B /* Info.plist */,
			);
			path = StoreListTests;
			sourceTree = "<group>";
		};
		FB3352C31F41E3B500E0C02B /* Controllers */ = {
			isa = PBXGroup;
			children = (
			);
			name = Controllers;
			sourceTree = "<group>";
		};
		FB3352C41F41E3C200E0C02B /* Model */ = {
			isa = PBXGroup;
			children = (
				FB3352C61F41E3DD00E0C02B /* StoreModel.swift */,
			);
			name = Model;
			sourceTree = "<group>";
		};
		FB3352C51F41E3C900E0C02B /* Views */ = {
			isa = PBXGroup;
			children = (
				FB3352CC1F41E6D100E0C02B /* StoreTVCell.swift */,
				FB3352CA1F41E6B300E0C02B /* MainTVC.swift */,
				FB3352C81F41E5C800E0C02B /* DetailsVC.swift */,
			);
			name = Views;
			sourceTree = "<group>";
		};
/* End PBXGroup section */

/* Begin PBXNativeTarget section */
		FB33529F1F41E36B00E0C02B /* StoreList */ = {
			isa = PBXNativeTarget;
			buildConfigurationList = FB3352BD1F41E36B00E0C02B /* Build configuration list for PBXNativeTarget "StoreList" */;
			buildPhases = (
				4FC2554177061B5BF949A332 /* [CP] Check Pods Manifest.lock */,
				FB33529C1F41E36B00E0C02B /* Sources */,
				FB33529D1F41E36B00E0C02B /* Frameworks */,
				FB33529E1F41E36B00E0C02B /* Resources */,
				EA9711E16DE8E31805FDB221 /* [CP] Embed Pods Frameworks */,
				A892968002BDCD390DF99CF1 /* [CP] Copy Pods Resources */,
			);
			buildRules = (
			);
			dependencies = (
			);
			name = StoreList;
			productName = StoreList;
			productReference = FB3352A01F41E36B00E0C02B /* StoreList.app */;
			productType = "com.apple.product-type.application";
		};
		FB3352B31F41E36B00E0C02B /* StoreListTests */ = {
			isa = PBXNativeTarget;
			buildConfigurationList = FB3352C01F41E36B00E0C02B /* Build configuration list for PBXNativeTarget "StoreListTests" */;
			buildPhases = (
				FB3352B01F41E36B00E0C02B /* Sources */,
				FB3352B11F41E36B00E0C02B /* Frameworks */,
				FB3352B21F41E36B00E0C02B /* Resources */,
			);
			buildRules = (
			);
			dependencies = (
				FB3352B61F41E36B00E0C02B /* PBXTargetDependency */,
			);
			name = StoreListTests;
			productName = StoreListTests;
			productReference = FB3352B41F41E36B00E0C02B /* StoreListTests.xctest */;
			productType = "com.apple.product-type.bundle.unit-test";
		};
/* End PBXNativeTarget section */

/* Begin PBXProject section */
		FB3352981F41E36B00E0C02B /* Project object */ = {
			isa = PBXProject;
			attributes = {
				LastSwiftUpdateCheck = 0830;
				LastUpgradeCheck = 0830;
				ORGANIZATIONNAME = "Vlastimir Radojevic";
				TargetAttributes = {
					FB33529F1F41E36B00E0C02B = {
						CreatedOnToolsVersion = 8.3.3;
						DevelopmentTeam = DN9K63W6YB;
						ProvisioningStyle = Automatic;
					};
					FB3352B31F41E36B00E0C02B = {
						CreatedOnToolsVersion = 8.3.3;
						DevelopmentTeam = DN9K63W6YB;
						ProvisioningStyle = Automatic;
						TestTargetID = FB33529F1F41E36B00E0C02B;
					};
				};
			};
			buildConfigurationList = FB33529B1F41E36B00E0C02B /* Build configuration list for PBXProject "StoreList" */;
			compatibilityVersion = "Xcode 3.2";
			developmentRegion = English;
			hasScannedForEncodings = 0;
			knownRegions = (
				en,
				Base,
			);
			mainGroup = FB3352971F41E36B00E0C02B;
			productRefGroup = FB3352A11F41E36B00E0C02B /* Products */;
			projectDirPath = "";
			projectRoot = "";
			targets = (
				FB33529F1F41E36B00E0C02B /* StoreList */,
				FB3352B31F41E36B00E0C02B /* StoreListTests */,
			);
		};
/* End PBXProject section */

/* Begin PBXResourcesBuildPhase section */
		FB33529E1F41E36B00E0C02B /* Resources */ = {
			isa = PBXResourcesBuildPhase;
			buildActionMask = 2147483647;
			files = (
				FB3352D51F41F7E400E0C02B /* Main.storyboard in Resources */,
				FB3352AE1F41E36B00E0C02B /* LaunchScreen.storyboard in Resources */,
				FB3352AB1F41E36B00E0C02B /* Assets.xcassets in Resources */,
			);
			runOnlyForDeploymentPostprocessing = 0;
		};
		FB3352B21F41E36B00E0C02B /* Resources */ = {
			isa = PBXResourcesBuildPhase;
			buildActionMask = 2147483647;
			files = (
			);
			runOnlyForDeploymentPostprocessing = 0;
		};
/* End PBXResourcesBuildPhase section */

/* Begin PBXShellScriptBuildPhase section */
		4FC2554177061B5BF949A332 /* [CP] Check Pods Manifest.lock */ = {
			isa = PBXShellScriptBuildPhase;
			buildActionMask = 2147483647;
			files = (
			);
			inputPaths = (
				"${PODS_PODFILE_DIR_PATH}/Podfile.lock",
				"${PODS_ROOT}/Manifest.lock",
			);
			name = "[CP] Check Pods Manifest.lock";
			outputPaths = (
				"$(DERIVED_FILE_DIR)/Pods-StoreList-checkManifestLockResult.txt",
			);
			runOnlyForDeploymentPostprocessing = 0;
			shellPath = /bin/sh;
			shellScript = "diff \"${PODS_PODFILE_DIR_PATH}/Podfile.lock\" \"${PODS_ROOT}/Manifest.lock\" > /dev/null\nif [ $? != 0 ] ; then\n    # print error to STDERR\n    echo \"error: The sandbox is not in sync with the Podfile.lock. Run 'pod install' or update your CocoaPods installation.\" >&2\n    exit 1\nfi\n# This output is used by Xcode 'outputs' to avoid re-running this script phase.\necho \"SUCCESS\" > \"${SCRIPT_OUTPUT_FILE_0}\"\n";
			showEnvVarsInLog = 0;
		};
		A892968002BDCD390DF99CF1 /* [CP] Copy Pods Resources */ = {
			isa = PBXShellScriptBuildPhase;
			buildActionMask = 2147483647;
			files = (
			);
			inputPaths = (
				"${SRCROOT}/Pods/Target Support Files/Pods-StoreList/Pods-StoreList-resources.sh",
				"${PODS_ROOT}/GoogleMaps/Maps/Frameworks/GoogleMaps.framework/Resources/GoogleMaps.bundle",
				"${PODS_ROOT}/GooglePlaces/Frameworks/GooglePlaces.framework/Resources/GooglePlaces.bundle",
			);
			name = "[CP] Copy Pods Resources";
			outputPaths = (
				"${TARGET_BUILD_DIR}/${UNLOCALIZED_RESOURCES_FOLDER_PATH}",
			);
			runOnlyForDeploymentPostprocessing = 0;
			shellPath = /bin/sh;
			shellScript = "\"${SRCROOT}/Pods/Target Support Files/Pods-StoreList/Pods-StoreList-resources.sh\"\n";
			showEnvVarsInLog = 0;
		};
		EA9711E16DE8E31805FDB221 /* [CP] Embed Pods Frameworks */ = {
			isa = PBXShellScriptBuildPhase;
			buildActionMask = 2147483647;
			files = (
			);
			inputPaths = (
				"${SRCROOT}/Pods/Target Support Files/Pods-StoreList/Pods-StoreList-frameworks.sh",
				"${BUILT_PRODUCTS_DIR}/AFNetworking/AFNetworking.framework",
			);
			name = "[CP] Embed Pods Frameworks";
			outputPaths = (
				"${TARGET_BUILD_DIR}/${FRAMEWORKS_FOLDER_PATH}/AFNetworking.framework",
			);
			runOnlyForDeploymentPostprocessing = 0;
			shellPath = /bin/sh;
			shellScript = "\"${SRCROOT}/Pods/Target Support Files/Pods-StoreList/Pods-StoreList-frameworks.sh\"\n";
			showEnvVarsInLog = 0;
		};
/* End PBXShellScriptBuildPhase section */

/* Begin PBXSourcesBuildPhase section */
		FB33529C1F41E36B00E0C02B /* Sources */ = {
			isa = PBXSourcesBuildPhase;
			buildActionMask = 2147483647;
			files = (
				FB3352CB1F41E6B300E0C02B /* MainTVC.swift in Sources */,
				FB3352C91F41E5C900E0C02B /* DetailsVC.swift in Sources */,
				FB3352CD1F41E6D100E0C02B /* StoreTVCell.swift in Sources */,
				FB3352A41F41E36B00E0C02B /* AppDelegate.swift in Sources */,
				FB3352C71F41E3DD00E0C02B /* StoreModel.swift in Sources */,
			);
			runOnlyForDeploymentPostprocessing = 0;
		};
		FB3352B01F41E36B00E0C02B /* Sources */ = {
			isa = PBXSourcesBuildPhase;
			buildActionMask = 2147483647;
			files = (
				FB3352B91F41E36B00E0C02B /* StoreListTests.swift in Sources */,
			);
			runOnlyForDeploymentPostprocessing = 0;
		};
/* End PBXSourcesBuildPhase section */

/* Begin PBXTargetDependency section */
		FB3352B61F41E36B00E0C02B /* PBXTargetDependency */ = {
			isa = PBXTargetDependency;
			target = FB33529F1F41E36B00E0C02B /* StoreList */;
			targetProxy = FB3352B51F41E36B00E0C02B /* PBXContainerItemProxy */;
		};
/* End PBXTargetDependency section */

/* Begin PBXVariantGroup section */
		FB3352AC1F41E36B00E0C02B /* LaunchScreen.storyboard */ = {
			isa = PBXVariantGroup;
			children = (
				FB3352AD1F41E36B00E0C02B /* Base */,
			);
			name = LaunchScreen.storyboard;
			sourceTree = "<group>";
		};
/* End PBXVariantGroup section */

/* Begin XCBuildConfiguration section */
		FB3352BB1F41E36B00E0C02B /* Debug */ = {
			isa = XCBuildConfiguration;
			buildSettings = {
				ALWAYS_SEARCH_USER_PATHS = NO;
				CLANG_ANALYZER_NONNULL = YES;
				CLANG_ANALYZER_NUMBER_OBJECT_CONVERSION = YES_AGGRESSIVE;
				CLANG_CXX_LANGUAGE_STANDARD = "gnu++0x";
				CLANG_CXX_LIBRARY = "libc++";
				CLANG_ENABLE_MODULES = YES;
				CLANG_ENABLE_OBJC_ARC = YES;
				CLANG_WARN_BOOL_CONVERSION = YES;
				CLANG_WARN_CONSTANT_CONVERSION = YES;
				CLANG_WARN_DIRECT_OBJC_ISA_USAGE = YES_ERROR;
				CLANG_WARN_DOCUMENTATION_COMMENTS = YES;
				CLANG_WARN_EMPTY_BODY = YES;
				CLANG_WARN_ENUM_CONVERSION = YES;
				CLANG_WARN_INFINITE_RECURSION = YES;
				CLANG_WARN_INT_CONVERSION = YES;
				CLANG_WARN_OBJC_ROOT_CLASS = YES_ERROR;
				CLANG_WARN_SUSPICIOUS_MOVE = YES;
				CLANG_WARN_UNREACHABLE_CODE = YES;
				CLANG_WARN__DUPLICATE_METHOD_MATCH = YES;
				"CODE_SIGN_IDENTITY[sdk=iphoneos*]" = "iPhone Developer";
				COPY_PHASE_STRIP = NO;
				DEBUG_INFORMATION_FORMAT = dwarf;
				ENABLE_STRICT_OBJC_MSGSEND = YES;
				ENABLE_TESTABILITY = YES;
				GCC_C_LANGUAGE_STANDARD = gnu99;
				GCC_DYNAMIC_NO_PIC = NO;
				GCC_NO_COMMON_BLOCKS = YES;
				GCC_OPTIMIZATION_LEVEL = 0;
				GCC_PREPROCESSOR_DEFINITIONS = (
					"DEBUG=1",
					"$(inherited)",
				);
				GCC_WARN_64_TO_32_BIT_CONVERSION = YES;
				GCC_WARN_ABOUT_RETURN_TYPE = YES_ERROR;
				GCC_WARN_UNDECLARED_SELECTOR = YES;
				GCC_WARN_UNINITIALIZED_AUTOS = YES_AGGRESSIVE;
				GCC_WARN_UNUSED_FUNCTION = YES;
				GCC_WARN_UNUSED_VARIABLE = YES;
				IPHONEOS_DEPLOYMENT_TARGET = 10.3;
				MTL_ENABLE_DEBUG_INFO = YES;
				ONLY_ACTIVE_ARCH = YES;
				SDKROOT = iphoneos;
				SWIFT_ACTIVE_COMPILATION_CONDITIONS = DEBUG;
				SWIFT_OPTIMIZATION_LEVEL = "-Onone";
			};
			name = Debug;
		};
		FB3352BC1F41E36B00E0C02B /* Release */ = {
			isa = XCBuildConfiguration;
			buildSettings = {
				ALWAYS_SEARCH_USER_PATHS = NO;
				CLANG_ANALYZER_NONNULL = YES;
				CLANG_ANALYZER_NUMBER_OBJECT_CONVERSION = YES_AGGRESSIVE;
				CLANG_CXX_LANGUAGE_STANDARD = "gnu++0x";
				CLANG_CXX_LIBRARY = "libc++";
				CLANG_ENABLE_MODULES = YES;
				CLANG_ENABLE_OBJC_ARC = YES;
				CLANG_WARN_BOOL_CONVERSION = YES;
				CLANG_WARN_CONSTANT_CONVERSION = YES;
				CLANG_WARN_DIRECT_OBJC_ISA_USAGE = YES_ERROR;
				CLANG_WARN_DOCUMENTATION_COMMENTS = YES;
				CLANG_WARN_EMPTY_BODY = YES;
				CLANG_WARN_ENUM_CONVERSION = YES;
				CLANG_WARN_INFINITE_RECURSION = YES;
				CLANG_WARN_INT_CONVERSION = YES;
				CLANG_WARN_OBJC_ROOT_CLASS = YES_ERROR;
				CLANG_WARN_SUSPICIOUS_MOVE = YES;
				CLANG_WARN_UNREACHABLE_CODE = YES;
				CLANG_WARN__DUPLICATE_METHOD_MATCH = YES;
				"CODE_SIGN_IDENTITY[sdk=iphoneos*]" = "iPhone Developer";
				COPY_PHASE_STRIP = NO;
				DEBUG_INFORMATION_FORMAT = "dwarf-with-dsym";
				ENABLE_NS_ASSERTIONS = NO;
				ENABLE_STRICT_OBJC_MSGSEND = YES;
				GCC_C_LANGUAGE_STANDARD = gnu99;
				GCC_NO_COMMON_BLOCKS = YES;
				GCC_WARN_64_TO_32_BIT_CONVERSION = YES;
				GCC_WARN_ABOUT_RETURN_TYPE = YES_ERROR;
				GCC_WARN_UNDECLARED_SELECTOR = YES;
				GCC_WARN_UNINITIALIZED_AUTOS = YES_AGGRESSIVE;
				GCC_WARN_UNUSED_FUNCTION = YES;
				GCC_WARN_UNUSED_VARIABLE = YES;
				IPHONEOS_DEPLOYMENT_TARGET = 10.3;
				MTL_ENABLE_DEBUG_INFO = NO;
				SDKROOT = iphoneos;
				SWIFT_OPTIMIZATION_LEVEL = "-Owholemodule";
				VALIDATE_PRODUCT = YES;
			};
			name = Release;
		};
		FB3352BE1F41E36B00E0C02B /* Debug */ = {
			isa = XCBuildConfiguration;
			baseConfigurationReference = F9A0230620B75F3E64028803 /* Pods-StoreList.debug.xcconfig */;
			buildSettings = {
				ASSETCATALOG_COMPILER_APPICON_NAME = AppIcon;
				DEVELOPMENT_TEAM = DN9K63W6YB;
				FRAMEWORK_SEARCH_PATHS = (
					"$(inherited)",
					"$(PROJECT_DIR)/Pods/GoogleMaps/Maps/Frameworks",
					"$(PROJECT_DIR)/Pods/GooglePlaces/Frameworks",
				);
				INFOPLIST_FILE = StoreList/Info.plist;
				LD_RUNPATH_SEARCH_PATHS = "$(inherited) @executable_path/Frameworks";
				PRODUCT_BUNDLE_IDENTIFIER = com.stovlaios.StoreList;
				PRODUCT_NAME = "$(TARGET_NAME)";
				SWIFT_VERSION = 3.0;
			};
			name = Debug;
		};
		FB3352BF1F41E36B00E0C02B /* Release */ = {
			isa = XCBuildConfiguration;
			baseConfigurationReference = 2E9354A72BCFA688A6CBA159 /* Pods-StoreList.release.xcconfig */;
			buildSettings = {
				ASSETCATALOG_COMPILER_APPICON_NAME = AppIcon;
				DEVELOPMENT_TEAM = DN9K63W6YB;
				FRAMEWORK_SEARCH_PATHS = (
					"$(inherited)",
					"$(PROJECT_DIR)/Pods/GoogleMaps/Maps/Frameworks",
					"$(PROJECT_DIR)/Pods/GooglePlaces/Frameworks",
				);
				INFOPLIST_FILE = StoreList/Info.plist;
				LD_RUNPATH_SEARCH_PATHS = "$(inherited) @executable_path/Frameworks";
				PRODUCT_BUNDLE_IDENTIFIER = com.stovlaios.StoreList;
				PRODUCT_NAME = "$(TARGET_NAME)";
				SWIFT_VERSION = 3.0;
			};
			name = Release;
		};
		FB3352C11F41E36B00E0C02B /* Debug */ = {
			isa = XCBuildConfiguration;
			buildSettings = {
				ALWAYS_EMBED_SWIFT_STANDARD_LIBRARIES = YES;
				BUNDLE_LOADER = "$(TEST_HOST)";
				DEVELOPMENT_TEAM = DN9K63W6YB;
				INFOPLIST_FILE = StoreListTests/Info.plist;
				LD_RUNPATH_SEARCH_PATHS = "$(inherited) @executable_path/Frameworks @loader_path/Frameworks";
				PRODUCT_BUNDLE_IDENTIFIER = com.stovlaios.StoreListTests;
				PRODUCT_NAME = "$(TARGET_NAME)";
				SWIFT_VERSION = 3.0;
				TEST_HOST = "$(BUILT_PRODUCTS_DIR)/StoreList.app/StoreList";
			};
			name = Debug;
		};
		FB3352C21F41E36B00E0C02B /* Release */ = {
			isa = XCBuildConfiguration;
			buildSettings = {
				ALWAYS_EMBED_SWIFT_STANDARD_LIBRARIES = YES;
				BUNDLE_LOADER = "$(TEST_HOST)";
				DEVELOPMENT_TEAM = DN9K63W6YB;
				INFOPLIST_FILE = StoreListTests/Info.plist;
				LD_RUNPATH_SEARCH_PATHS = "$(inherited) @executable_path/Frameworks @loader_path/Frameworks";
				PRODUCT_BUNDLE_IDENTIFIER = com.stovlaios.StoreListTests;
				PRODUCT_NAME = "$(TARGET_NAME)";
				SWIFT_VERSION = 3.0;
				TEST_HOST = "$(BUILT_PRODUCTS_DIR)/StoreList.app/StoreList";
			};
			name = Release;
		};
/* End XCBuildConfiguration section */

/* Begin XCConfigurationList section */
		FB33529B1F41E36B00E0C02B /* Build configuration list for PBXProject "StoreList" */ = {
			isa = XCConfigurationList;
			buildConfigurations = (
				FB3352BB1F41E36B00E0C02B /* Debug */,
				FB3352BC1F41E36B00E0C02B /* Release */,
			);
			defaultConfigurationIsVisible = 0;
			defaultConfigurationName = Release;
		};
		FB3352BD1F41E36B00E0C02B /* Build configuration list for PBXNativeTarget "StoreList" */ = {
			isa = XCConfigurationList;
			buildConfigurations = (
				FB3352BE1F41E36B00E0C02B /* Debug */,
				FB3352BF1F41E36B00E0C02B /* Release */,
			);
			defaultConfigurationIsVisible = 0;
			defaultConfigurationName = Release;
		};
		FB3352C01F41E36B00E0C02B /* Build configuration list for PBXNativeTarget "StoreListTests" */ = {
			isa = XCConfigurationList;
			buildConfigurations = (
				FB3352C11F41E36B00E0C02B /* Debug */,
				FB3352C21F41E36B00E0C02B /* Release */,
			);
			defaultConfigurationIsVisible = 0;
			defaultConfigurationName = Release;
		};
/* End XCConfigurationList section */
	};
	rootObject = FB3352981F41E36B00E0C02B /* Project object */;
}
